// !$*UTF8*$!
{
	archiveVersion = 1;
	classes = {
	};
	objectVersion = 56;
	objects = {

/* Begin PBXBuildFile section */
		D1AD71D92C97FA0200672300 /* CocktailViewModel.swift in Sources */ = {isa = PBXBuildFile; fileRef = D1AD71CD2C97FA0200672300 /* CocktailViewModel.swift */; };
		D1AD71DA2C97FA0200672300 /* CocktailDataRepository.swift in Sources */ = {isa = PBXBuildFile; fileRef = D1AD71CF2C97FA0200672300 /* CocktailDataRepository.swift */; };
		D1AD71DB2C97FA0200672300 /* CocktailListView.swift in Sources */ = {isa = PBXBuildFile; fileRef = D1AD71D12C97FA0200672300 /* CocktailListView.swift */; };
		D1AD71DC2C97FA0200672300 /* CocktailDetailView.swift in Sources */ = {isa = PBXBuildFile; fileRef = D1AD71D22C97FA0200672300 /* CocktailDetailView.swift */; };
		D1AD71DD2C97FA0200672300 /* FetchCocktailsUseCaseImpl.swift in Sources */ = {isa = PBXBuildFile; fileRef = D1AD71D42C97FA0200672300 /* FetchCocktailsUseCaseImpl.swift */; };
		D1AD71DE2C97FA0200672300 /* CocktailRepository.swift in Sources */ = {isa = PBXBuildFile; fileRef = D1AD71D52C97FA0200672300 /* CocktailRepository.swift */; };
		D1AD71E02C97FA6000672300 /* CocktailDetailViewModel.swift in Sources */ = {isa = PBXBuildFile; fileRef = D1AD71DF2C97FA6000672300 /* CocktailDetailViewModel.swift */; };
		D1C9DFCA2C980C9000B214C3 /* CocktailDetailViewModelTests.swift in Sources */ = {isa = PBXBuildFile; fileRef = D1C9DFC92C980C9000B214C3 /* CocktailDetailViewModelTests.swift */; };
		D1D3FC772C98052000E408A3 /* IngredientView.swift in Sources */ = {isa = PBXBuildFile; fileRef = D1D3FC762C98052000E408A3 /* IngredientView.swift */; };
		D1DC572A2C90369300613371 /* Assets.xcassets in Resources */ = {isa = PBXBuildFile; fileRef = D1DC57292C90369300613371 /* Assets.xcassets */; };
		D1DC572D2C90369300613371 /* Preview Assets.xcassets in Resources */ = {isa = PBXBuildFile; fileRef = D1DC572C2C90369300613371 /* Preview Assets.xcassets */; };
		D1DC57372C90369300613371 /* CocktailTests.swift in Sources */ = {isa = PBXBuildFile; fileRef = D1DC57362C90369300613371 /* CocktailTests.swift */; };
		D1DC57412C90369300613371 /* CocktailUITests.swift in Sources */ = {isa = PBXBuildFile; fileRef = D1DC57402C90369300613371 /* CocktailUITests.swift */; };
		D1DC57432C90369300613371 /* CocktailUITestsLaunchTests.swift in Sources */ = {isa = PBXBuildFile; fileRef = D1DC57422C90369300613371 /* CocktailUITestsLaunchTests.swift */; };
		D1DC57582C90374800613371 /* CocktailCoordinator.swift in Sources */ = {isa = PBXBuildFile; fileRef = D1DC57572C90374800613371 /* CocktailCoordinator.swift */; };
		D1DC57622C90384700613371 /* CocktailsAPIError.swift in Sources */ = {isa = PBXBuildFile; fileRef = D1DC575E2C90384700613371 /* CocktailsAPIError.swift */; };
		D1DC57632C90384700613371 /* CocktailsAPI.swift in Sources */ = {isa = PBXBuildFile; fileRef = D1DC575F2C90384700613371 /* CocktailsAPI.swift */; };
		D1DC57642C90384700613371 /* FakeCocktailsAPI.swift in Sources */ = {isa = PBXBuildFile; fileRef = D1DC57602C90384700613371 /* FakeCocktailsAPI.swift */; };
		D1DC57652C90384700613371 /* sample.json in Resources */ = {isa = PBXBuildFile; fileRef = D1DC57612C90384700613371 /* sample.json */; };
		D1DC576F2C90389F00613371 /* Constants.swift in Sources */ = {isa = PBXBuildFile; fileRef = D1DC576D2C90389F00613371 /* Constants.swift */; };
		D1DC57702C90389F00613371 /* FavoritesManager.swift in Sources */ = {isa = PBXBuildFile; fileRef = D1DC576E2C90389F00613371 /* FavoritesManager.swift */; };
		D1DC57722C90393C00613371 /* AppContainer.swift in Sources */ = {isa = PBXBuildFile; fileRef = D1DC57712C90393C00613371 /* AppContainer.swift */; };
		D1DC57742C903CD700613371 /* UIKitWrapperView.swift in Sources */ = {isa = PBXBuildFile; fileRef = D1DC57732C903CD700613371 /* UIKitWrapperView.swift */; };
		D1DC577A2C9040AD00613371 /* CocktailApp.swift in Sources */ = {isa = PBXBuildFile; fileRef = D1DC57792C9040AD00613371 /* CocktailApp.swift */; };
		D1DC57802C905FED00613371 /* NavigationControllerWrapper.swift in Sources */ = {isa = PBXBuildFile; fileRef = D1DC577F2C905FED00613371 /* NavigationControllerWrapper.swift */; };
		D1DC57822C90652800613371 /* CocktailViewModelTests.swift in Sources */ = {isa = PBXBuildFile; fileRef = D1DC57812C90652800613371 /* CocktailViewModelTests.swift */; };
/* End PBXBuildFile section */

/* Begin PBXContainerItemProxy section */
		D1DC57332C90369300613371 /* PBXContainerItemProxy */ = {
			isa = PBXContainerItemProxy;
			containerPortal = D1DC571A2C90368F00613371 /* Project object */;
			proxyType = 1;
			remoteGlobalIDString = D1DC57212C90368F00613371;
			remoteInfo = Cocktail;
		};
		D1DC573D2C90369300613371 /* PBXContainerItemProxy */ = {
			isa = PBXContainerItemProxy;
			containerPortal = D1DC571A2C90368F00613371 /* Project object */;
			proxyType = 1;
			remoteGlobalIDString = D1DC57212C90368F00613371;
			remoteInfo = Cocktail;
		};
/* End PBXContainerItemProxy section */

/* Begin PBXFileReference section */
		D1AD71CD2C97FA0200672300 /* CocktailViewModel.swift */ = {isa = PBXFileReference; fileEncoding = 4; lastKnownFileType = sourcecode.swift; path = CocktailViewModel.swift; sourceTree = "<group>"; };
		D1AD71CF2C97FA0200672300 /* CocktailDataRepository.swift */ = {isa = PBXFileReference; fileEncoding = 4; lastKnownFileType = sourcecode.swift; path = CocktailDataRepository.swift; sourceTree = "<group>"; };
		D1AD71D12C97FA0200672300 /* CocktailListView.swift */ = {isa = PBXFileReference; fileEncoding = 4; lastKnownFileType = sourcecode.swift; path = CocktailListView.swift; sourceTree = "<group>"; };
		D1AD71D22C97FA0200672300 /* CocktailDetailView.swift */ = {isa = PBXFileReference; fileEncoding = 4; lastKnownFileType = sourcecode.swift; path = CocktailDetailView.swift; sourceTree = "<group>"; };
		D1AD71D42C97FA0200672300 /* FetchCocktailsUseCaseImpl.swift */ = {isa = PBXFileReference; fileEncoding = 4; lastKnownFileType = sourcecode.swift; path = FetchCocktailsUseCaseImpl.swift; sourceTree = "<group>"; };
		D1AD71D52C97FA0200672300 /* CocktailRepository.swift */ = {isa = PBXFileReference; fileEncoding = 4; lastKnownFileType = sourcecode.swift; path = CocktailRepository.swift; sourceTree = "<group>"; };
		D1AD71DF2C97FA6000672300 /* CocktailDetailViewModel.swift */ = {isa = PBXFileReference; lastKnownFileType = sourcecode.swift; path = CocktailDetailViewModel.swift; sourceTree = "<group>"; };
		D1C9DFC92C980C9000B214C3 /* CocktailDetailViewModelTests.swift */ = {isa = PBXFileReference; lastKnownFileType = sourcecode.swift; path = CocktailDetailViewModelTests.swift; sourceTree = "<group>"; };
		D1D3FC762C98052000E408A3 /* IngredientView.swift */ = {isa = PBXFileReference; lastKnownFileType = sourcecode.swift; path = IngredientView.swift; sourceTree = "<group>"; };
		D1DC57222C90368F00613371 /* Cocktail.app */ = {isa = PBXFileReference; explicitFileType = wrapper.application; includeInIndex = 0; path = Cocktail.app; sourceTree = BUILT_PRODUCTS_DIR; };
		D1DC57292C90369300613371 /* Assets.xcassets */ = {isa = PBXFileReference; lastKnownFileType = folder.assetcatalog; path = Assets.xcassets; sourceTree = "<group>"; };
		D1DC572C2C90369300613371 /* Preview Assets.xcassets */ = {isa = PBXFileReference; lastKnownFileType = folder.assetcatalog; path = "Preview Assets.xcassets"; sourceTree = "<group>"; };
		D1DC57322C90369300613371 /* CocktailTests.xctest */ = {isa = PBXFileReference; explicitFileType = wrapper.cfbundle; includeInIndex = 0; path = CocktailTests.xctest; sourceTree = BUILT_PRODUCTS_DIR; };
		D1DC57362C90369300613371 /* CocktailTests.swift */ = {isa = PBXFileReference; lastKnownFileType = sourcecode.swift; path = CocktailTests.swift; sourceTree = "<group>"; };
		D1DC573C2C90369300613371 /* CocktailUITests.xctest */ = {isa = PBXFileReference; explicitFileType = wrapper.cfbundle; includeInIndex = 0; path = CocktailUITests.xctest; sourceTree = BUILT_PRODUCTS_DIR; };
		D1DC57402C90369300613371 /* CocktailUITests.swift */ = {isa = PBXFileReference; lastKnownFileType = sourcecode.swift; path = CocktailUITests.swift; sourceTree = "<group>"; };
		D1DC57422C90369300613371 /* CocktailUITestsLaunchTests.swift */ = {isa = PBXFileReference; lastKnownFileType = sourcecode.swift; path = CocktailUITestsLaunchTests.swift; sourceTree = "<group>"; };
		D1DC57572C90374800613371 /* CocktailCoordinator.swift */ = {isa = PBXFileReference; lastKnownFileType = sourcecode.swift; path = CocktailCoordinator.swift; sourceTree = "<group>"; };
		D1DC575E2C90384700613371 /* CocktailsAPIError.swift */ = {isa = PBXFileReference; fileEncoding = 4; lastKnownFileType = sourcecode.swift; path = CocktailsAPIError.swift; sourceTree = "<group>"; };
		D1DC575F2C90384700613371 /* CocktailsAPI.swift */ = {isa = PBXFileReference; fileEncoding = 4; lastKnownFileType = sourcecode.swift; path = CocktailsAPI.swift; sourceTree = "<group>"; };
		D1DC57602C90384700613371 /* FakeCocktailsAPI.swift */ = {isa = PBXFileReference; fileEncoding = 4; lastKnownFileType = sourcecode.swift; path = FakeCocktailsAPI.swift; sourceTree = "<group>"; };
		D1DC57612C90384700613371 /* sample.json */ = {isa = PBXFileReference; fileEncoding = 4; lastKnownFileType = text.json; path = sample.json; sourceTree = "<group>"; };
		D1DC576D2C90389F00613371 /* Constants.swift */ = {isa = PBXFileReference; fileEncoding = 4; lastKnownFileType = sourcecode.swift; path = Constants.swift; sourceTree = "<group>"; };
		D1DC576E2C90389F00613371 /* FavoritesManager.swift */ = {isa = PBXFileReference; fileEncoding = 4; lastKnownFileType = sourcecode.swift; path = FavoritesManager.swift; sourceTree = "<group>"; };
		D1DC57712C90393C00613371 /* AppContainer.swift */ = {isa = PBXFileReference; lastKnownFileType = sourcecode.swift; path = AppContainer.swift; sourceTree = "<group>"; };
		D1DC57732C903CD700613371 /* UIKitWrapperView.swift */ = {isa = PBXFileReference; lastKnownFileType = sourcecode.swift; path = UIKitWrapperView.swift; sourceTree = "<group>"; };
		D1DC57792C9040AD00613371 /* CocktailApp.swift */ = {isa = PBXFileReference; lastKnownFileType = sourcecode.swift; path = CocktailApp.swift; sourceTree = "<group>"; };
		D1DC577F2C905FED00613371 /* NavigationControllerWrapper.swift */ = {isa = PBXFileReference; lastKnownFileType = sourcecode.swift; path = NavigationControllerWrapper.swift; sourceTree = "<group>"; };
		D1DC57812C90652800613371 /* CocktailViewModelTests.swift */ = {isa = PBXFileReference; lastKnownFileType = sourcecode.swift; path = CocktailViewModelTests.swift; sourceTree = "<group>"; };
/* End PBXFileReference section */

/* Begin PBXFrameworksBuildPhase section */
		D1DC571F2C90368F00613371 /* Frameworks */ = {
			isa = PBXFrameworksBuildPhase;
			buildActionMask = 2147483647;
			files = (
			);
			runOnlyForDeploymentPostprocessing = 0;
		};
		D1DC572F2C90369300613371 /* Frameworks */ = {
			isa = PBXFrameworksBuildPhase;
			buildActionMask = 2147483647;
			files = (
			);
			runOnlyForDeploymentPostprocessing = 0;
		};
		D1DC57392C90369300613371 /* Frameworks */ = {
			isa = PBXFrameworksBuildPhase;
			buildActionMask = 2147483647;
			files = (
			);
			runOnlyForDeploymentPostprocessing = 0;
		};
/* End PBXFrameworksBuildPhase section */

/* Begin PBXGroup section */
		D1AD71CA2C97FA0200672300 /* Modules */ = {
			isa = PBXGroup;
			children = (
				D1AD71CB2C97FA0200672300 /* CocktailHome */,
				D1AD71D62C97FA0200672300 /* CocktailDetails */,
			);
			path = Modules;
			sourceTree = "<group>";
		};
		D1AD71CB2C97FA0200672300 /* CocktailHome */ = {
			isa = PBXGroup;
			children = (
				D1AD71CC2C97FA0200672300 /* ViewModel */,
				D1AD71CE2C97FA0200672300 /* APIRepo */,
				D1AD71D02C97FA0200672300 /* View */,
				D1AD71D32C97FA0200672300 /* UseCase */,
			);
			path = CocktailHome;
			sourceTree = "<group>";
		};
		D1AD71CC2C97FA0200672300 /* ViewModel */ = {
			isa = PBXGroup;
			children = (
				D1AD71CD2C97FA0200672300 /* CocktailViewModel.swift */,
			);
			path = ViewModel;
			sourceTree = "<group>";
		};
		D1AD71CE2C97FA0200672300 /* APIRepo */ = {
			isa = PBXGroup;
			children = (
				D1AD71CF2C97FA0200672300 /* CocktailDataRepository.swift */,
			);
			path = APIRepo;
			sourceTree = "<group>";
		};
		D1AD71D02C97FA0200672300 /* View */ = {
			isa = PBXGroup;
			children = (
				D1AD71D12C97FA0200672300 /* CocktailListView.swift */,
			);
			path = View;
			sourceTree = "<group>";
		};
		D1AD71D32C97FA0200672300 /* UseCase */ = {
			isa = PBXGroup;
			children = (
				D1AD71D42C97FA0200672300 /* FetchCocktailsUseCaseImpl.swift */,
				D1AD71D52C97FA0200672300 /* CocktailRepository.swift */,
			);
			path = UseCase;
			sourceTree = "<group>";
		};
		D1AD71D62C97FA0200672300 /* CocktailDetails */ = {
			isa = PBXGroup;
			children = (
				D1AD71D72C97FA0200672300 /* ViewModel */,
				D1AD71D82C97FA0200672300 /* View */,
			);
			path = CocktailDetails;
			sourceTree = "<group>";
		};
		D1AD71D72C97FA0200672300 /* ViewModel */ = {
			isa = PBXGroup;
			children = (
				D1AD71DF2C97FA6000672300 /* CocktailDetailViewModel.swift */,
			);
			path = ViewModel;
			sourceTree = "<group>";
		};
		D1AD71D82C97FA0200672300 /* View */ = {
			isa = PBXGroup;
			children = (
				D1AD71D22C97FA0200672300 /* CocktailDetailView.swift */,
				D1D3FC762C98052000E408A3 /* IngredientView.swift */,
			);
			path = View;
			sourceTree = "<group>";
		};
		D1DC57192C90368F00613371 = {
			isa = PBXGroup;
			children = (
				D1DC57242C90368F00613371 /* Cocktail */,
				D1DC57352C90369300613371 /* CocktailTests */,
				D1DC573F2C90369300613371 /* CocktailUITests */,
				D1DC57232C90368F00613371 /* Products */,
			);
			sourceTree = "<group>";
		};
		D1DC57232C90368F00613371 /* Products */ = {
			isa = PBXGroup;
			children = (
				D1DC57222C90368F00613371 /* Cocktail.app */,
				D1DC57322C90369300613371 /* CocktailTests.xctest */,
				D1DC573C2C90369300613371 /* CocktailUITests.xctest */,
			);
			name = Products;
			sourceTree = "<group>";
		};
		D1DC57242C90368F00613371 /* Cocktail */ = {
			isa = PBXGroup;
			children = (
				D1DC57792C9040AD00613371 /* CocktailApp.swift */,
				D1DC57712C90393C00613371 /* AppContainer.swift */,
				D1AD71CA2C97FA0200672300 /* Modules */,
				D1DC576C2C90389F00613371 /* Helper */,
				D1DC575D2C90384700613371 /* CocktailsAPI */,
				D1DC57562C90373C00613371 /* Coordinator */,
				D1DC57292C90369300613371 /* Assets.xcassets */,
				D1DC572B2C90369300613371 /* Preview Content */,
			);
			path = Cocktail;
			sourceTree = "<group>";
		};
		D1DC572B2C90369300613371 /* Preview Content */ = {
			isa = PBXGroup;
			children = (
				D1DC572C2C90369300613371 /* Preview Assets.xcassets */,
			);
			path = "Preview Content";
			sourceTree = "<group>";
		};
		D1DC57352C90369300613371 /* CocktailTests */ = {
			isa = PBXGroup;
			children = (
				D1DC57362C90369300613371 /* CocktailTests.swift */,
				D1DC57812C90652800613371 /* CocktailViewModelTests.swift */,
				D1C9DFC92C980C9000B214C3 /* CocktailDetailViewModelTests.swift */,
			);
			path = CocktailTests;
			sourceTree = "<group>";
		};
		D1DC573F2C90369300613371 /* CocktailUITests */ = {
			isa = PBXGroup;
			children = (
				D1DC57402C90369300613371 /* CocktailUITests.swift */,
				D1DC57422C90369300613371 /* CocktailUITestsLaunchTests.swift */,
			);
			path = CocktailUITests;
			sourceTree = "<group>";
		};
		D1DC57562C90373C00613371 /* Coordinator */ = {
			isa = PBXGroup;
			children = (
				D1DC57572C90374800613371 /* CocktailCoordinator.swift */,
			);
			path = Coordinator;
			sourceTree = "<group>";
		};
		D1DC575D2C90384700613371 /* CocktailsAPI */ = {
			isa = PBXGroup;
			children = (
				D1DC575E2C90384700613371 /* CocktailsAPIError.swift */,
				D1DC575F2C90384700613371 /* CocktailsAPI.swift */,
				D1DC57602C90384700613371 /* FakeCocktailsAPI.swift */,
				D1DC57612C90384700613371 /* sample.json */,
			);
			path = CocktailsAPI;
			sourceTree = "<group>";
		};
		D1DC576C2C90389F00613371 /* Helper */ = {
			isa = PBXGroup;
			children = (
				D1DC576D2C90389F00613371 /* Constants.swift */,
				D1DC576E2C90389F00613371 /* FavoritesManager.swift */,
				D1DC57732C903CD700613371 /* UIKitWrapperView.swift */,
				D1DC577F2C905FED00613371 /* NavigationControllerWrapper.swift */,
			);
			path = Helper;
			sourceTree = "<group>";
		};
/* End PBXGroup section */

/* Begin PBXNativeTarget section */
		D1DC57212C90368F00613371 /* Cocktail */ = {
			isa = PBXNativeTarget;
			buildConfigurationList = D1DC57462C90369300613371 /* Build configuration list for PBXNativeTarget "Cocktail" */;
			buildPhases = (
				D1DC571E2C90368F00613371 /* Sources */,
				D1DC571F2C90368F00613371 /* Frameworks */,
				D1DC57202C90368F00613371 /* Resources */,
			);
			buildRules = (
			);
			dependencies = (
			);
			name = Cocktail;
			productName = Cocktail;
			productReference = D1DC57222C90368F00613371 /* Cocktail.app */;
			productType = "com.apple.product-type.application";
		};
		D1DC57312C90369300613371 /* CocktailTests */ = {
			isa = PBXNativeTarget;
			buildConfigurationList = D1DC57492C90369300613371 /* Build configuration list for PBXNativeTarget "CocktailTests" */;
			buildPhases = (
				D1DC572E2C90369300613371 /* Sources */,
				D1DC572F2C90369300613371 /* Frameworks */,
				D1DC57302C90369300613371 /* Resources */,
			);
			buildRules = (
			);
			dependencies = (
				D1DC57342C90369300613371 /* PBXTargetDependency */,
			);
			name = CocktailTests;
			productName = CocktailTests;
			productReference = D1DC57322C90369300613371 /* CocktailTests.xctest */;
			productType = "com.apple.product-type.bundle.unit-test";
		};
		D1DC573B2C90369300613371 /* CocktailUITests */ = {
			isa = PBXNativeTarget;
			buildConfigurationList = D1DC574C2C90369300613371 /* Build configuration list for PBXNativeTarget "CocktailUITests" */;
			buildPhases = (
				D1DC57382C90369300613371 /* Sources */,
				D1DC57392C90369300613371 /* Frameworks */,
				D1DC573A2C90369300613371 /* Resources */,
			);
			buildRules = (
			);
			dependencies = (
				D1DC573E2C90369300613371 /* PBXTargetDependency */,
			);
			name = CocktailUITests;
			productName = CocktailUITests;
			productReference = D1DC573C2C90369300613371 /* CocktailUITests.xctest */;
			productType = "com.apple.product-type.bundle.ui-testing";
		};
/* End PBXNativeTarget section */

/* Begin PBXProject section */
		D1DC571A2C90368F00613371 /* Project object */ = {
			isa = PBXProject;
			attributes = {
				BuildIndependentTargetsInParallel = 1;
				LastSwiftUpdateCheck = 1400;
				LastUpgradeCheck = 1400;
				TargetAttributes = {
					D1DC57212C90368F00613371 = {
						CreatedOnToolsVersion = 14.0.1;
					};
					D1DC57312C90369300613371 = {
						CreatedOnToolsVersion = 14.0.1;
						TestTargetID = D1DC57212C90368F00613371;
					};
					D1DC573B2C90369300613371 = {
						CreatedOnToolsVersion = 14.0.1;
						TestTargetID = D1DC57212C90368F00613371;
					};
				};
			};
			buildConfigurationList = D1DC571D2C90368F00613371 /* Build configuration list for PBXProject "Cocktail" */;
			compatibilityVersion = "Xcode 14.0";
			developmentRegion = en;
			hasScannedForEncodings = 0;
			knownRegions = (
				en,
				Base,
			);
			mainGroup = D1DC57192C90368F00613371;
			productRefGroup = D1DC57232C90368F00613371 /* Products */;
			projectDirPath = "";
			projectRoot = "";
			targets = (
				D1DC57212C90368F00613371 /* Cocktail */,
				D1DC57312C90369300613371 /* CocktailTests */,
				D1DC573B2C90369300613371 /* CocktailUITests */,
			);
		};
/* End PBXProject section */

/* Begin PBXResourcesBuildPhase section */
		D1DC57202C90368F00613371 /* Resources */ = {
			isa = PBXResourcesBuildPhase;
			buildActionMask = 2147483647;
			files = (
				D1DC572D2C90369300613371 /* Preview Assets.xcassets in Resources */,
				D1DC572A2C90369300613371 /* Assets.xcassets in Resources */,
				D1DC57652C90384700613371 /* sample.json in Resources */,
			);
			runOnlyForDeploymentPostprocessing = 0;
		};
		D1DC57302C90369300613371 /* Resources */ = {
			isa = PBXResourcesBuildPhase;
			buildActionMask = 2147483647;
			files = (
			);
			runOnlyForDeploymentPostprocessing = 0;
		};
		D1DC573A2C90369300613371 /* Resources */ = {
			isa = PBXResourcesBuildPhase;
			buildActionMask = 2147483647;
			files = (
			);
			runOnlyForDeploymentPostprocessing = 0;
		};
/* End PBXResourcesBuildPhase section */

/* Begin PBXSourcesBuildPhase section */
		D1DC571E2C90368F00613371 /* Sources */ = {
			isa = PBXSourcesBuildPhase;
			buildActionMask = 2147483647;
			files = (
				D1DC57702C90389F00613371 /* FavoritesManager.swift in Sources */,
				D1AD71D92C97FA0200672300 /* CocktailViewModel.swift in Sources */,
				D1DC57802C905FED00613371 /* NavigationControllerWrapper.swift in Sources */,
				D1AD71DC2C97FA0200672300 /* CocktailDetailView.swift in Sources */,
				D1AD71DA2C97FA0200672300 /* CocktailDataRepository.swift in Sources */,
				D1DC57742C903CD700613371 /* UIKitWrapperView.swift in Sources */,
				D1DC576F2C90389F00613371 /* Constants.swift in Sources */,
				D1AD71DB2C97FA0200672300 /* CocktailListView.swift in Sources */,
				D1DC57642C90384700613371 /* FakeCocktailsAPI.swift in Sources */,
				D1D3FC772C98052000E408A3 /* IngredientView.swift in Sources */,
				D1DC57632C90384700613371 /* CocktailsAPI.swift in Sources */,
				D1DC577A2C9040AD00613371 /* CocktailApp.swift in Sources */,
				D1DC57582C90374800613371 /* CocktailCoordinator.swift in Sources */,
				D1DC57622C90384700613371 /* CocktailsAPIError.swift in Sources */,
				D1AD71DE2C97FA0200672300 /* CocktailRepository.swift in Sources */,
				D1DC57722C90393C00613371 /* AppContainer.swift in Sources */,
				D1AD71DD2C97FA0200672300 /* FetchCocktailsUseCaseImpl.swift in Sources */,
				D1AD71E02C97FA6000672300 /* CocktailDetailViewModel.swift in Sources */,
			);
			runOnlyForDeploymentPostprocessing = 0;
		};
		D1DC572E2C90369300613371 /* Sources */ = {
			isa = PBXSourcesBuildPhase;
			buildActionMask = 2147483647;
			files = (
				D1C9DFCA2C980C9000B214C3 /* CocktailDetailViewModelTests.swift in Sources */,
				D1DC57822C90652800613371 /* CocktailViewModelTests.swift in Sources */,
				D1DC57372C90369300613371 /* CocktailTests.swift in Sources */,
			);
			runOnlyForDeploymentPostprocessing = 0;
		};
		D1DC57382C90369300613371 /* Sources */ = {
			isa = PBXSourcesBuildPhase;
			buildActionMask = 2147483647;
			files = (
				D1DC57432C90369300613371 /* CocktailUITestsLaunchTests.swift in Sources */,
				D1DC57412C90369300613371 /* CocktailUITests.swift in Sources */,
			);
			runOnlyForDeploymentPostprocessing = 0;
		};
/* End PBXSourcesBuildPhase section */

/* Begin PBXTargetDependency section */
		D1DC57342C90369300613371 /* PBXTargetDependency */ = {
			isa = PBXTargetDependency;
			target = D1DC57212C90368F00613371 /* Cocktail */;
			targetProxy = D1DC57332C90369300613371 /* PBXContainerItemProxy */;
		};
		D1DC573E2C90369300613371 /* PBXTargetDependency */ = {
			isa = PBXTargetDependency;
			target = D1DC57212C90368F00613371 /* Cocktail */;
			targetProxy = D1DC573D2C90369300613371 /* PBXContainerItemProxy */;
		};
/* End PBXTargetDependency section */

/* Begin XCBuildConfiguration section */
		D1DC57442C90369300613371 /* Debug */ = {
			isa = XCBuildConfiguration;
			buildSettings = {
				ALWAYS_SEARCH_USER_PATHS = NO;
				CLANG_ANALYZER_NONNULL = YES;
				CLANG_ANALYZER_NUMBER_OBJECT_CONVERSION = YES_AGGRESSIVE;
				CLANG_CXX_LANGUAGE_STANDARD = "gnu++20";
				CLANG_ENABLE_MODULES = YES;
				CLANG_ENABLE_OBJC_ARC = YES;
				CLANG_ENABLE_OBJC_WEAK = YES;
				CLANG_WARN_BLOCK_CAPTURE_AUTORELEASING = YES;
				CLANG_WARN_BOOL_CONVERSION = YES;
				CLANG_WARN_COMMA = YES;
				CLANG_WARN_CONSTANT_CONVERSION = YES;
				CLANG_WARN_DEPRECATED_OBJC_IMPLEMENTATIONS = YES;
				CLANG_WARN_DIRECT_OBJC_ISA_USAGE = YES_ERROR;
				CLANG_WARN_DOCUMENTATION_COMMENTS = YES;
				CLANG_WARN_EMPTY_BODY = YES;
				CLANG_WARN_ENUM_CONVERSION = YES;
				CLANG_WARN_INFINITE_RECURSION = YES;
				CLANG_WARN_INT_CONVERSION = YES;
				CLANG_WARN_NON_LITERAL_NULL_CONVERSION = YES;
				CLANG_WARN_OBJC_IMPLICIT_RETAIN_SELF = YES;
				CLANG_WARN_OBJC_LITERAL_CONVERSION = YES;
				CLANG_WARN_OBJC_ROOT_CLASS = YES_ERROR;
				CLANG_WARN_QUOTED_INCLUDE_IN_FRAMEWORK_HEADER = YES;
				CLANG_WARN_RANGE_LOOP_ANALYSIS = YES;
				CLANG_WARN_STRICT_PROTOTYPES = YES;
				CLANG_WARN_SUSPICIOUS_MOVE = YES;
				CLANG_WARN_UNGUARDED_AVAILABILITY = YES_AGGRESSIVE;
				CLANG_WARN_UNREACHABLE_CODE = YES;
				CLANG_WARN__DUPLICATE_METHOD_MATCH = YES;
				COPY_PHASE_STRIP = NO;
				DEBUG_INFORMATION_FORMAT = dwarf;
				ENABLE_STRICT_OBJC_MSGSEND = YES;
				ENABLE_TESTABILITY = YES;
				GCC_C_LANGUAGE_STANDARD = gnu11;
				GCC_DYNAMIC_NO_PIC = NO;
				GCC_NO_COMMON_BLOCKS = YES;
				GCC_OPTIMIZATION_LEVEL = 0;
				GCC_PREPROCESSOR_DEFINITIONS = (
					"DEBUG=1",
					"$(inherited)",
				);
				GCC_WARN_64_TO_32_BIT_CONVERSION = YES;
				GCC_WARN_ABOUT_RETURN_TYPE = YES_ERROR;
				GCC_WARN_UNDECLARED_SELECTOR = YES;
				GCC_WARN_UNINITIALIZED_AUTOS = YES_AGGRESSIVE;
				GCC_WARN_UNUSED_FUNCTION = YES;
				GCC_WARN_UNUSED_VARIABLE = YES;
				IPHONEOS_DEPLOYMENT_TARGET = 16.0;
				MTL_ENABLE_DEBUG_INFO = INCLUDE_SOURCE;
				MTL_FAST_MATH = YES;
				ONLY_ACTIVE_ARCH = YES;
				SDKROOT = iphoneos;
				SWIFT_ACTIVE_COMPILATION_CONDITIONS = DEBUG;
				SWIFT_OPTIMIZATION_LEVEL = "-Onone";
			};
			name = Debug;
		};
		D1DC57452C90369300613371 /* Release */ = {
			isa = XCBuildConfiguration;
			buildSettings = {
				ALWAYS_SEARCH_USER_PATHS = NO;
				CLANG_ANALYZER_NONNULL = YES;
				CLANG_ANALYZER_NUMBER_OBJECT_CONVERSION = YES_AGGRESSIVE;
				CLANG_CXX_LANGUAGE_STANDARD = "gnu++20";
				CLANG_ENABLE_MODULES = YES;
				CLANG_ENABLE_OBJC_ARC = YES;
				CLANG_ENABLE_OBJC_WEAK = YES;
				CLANG_WARN_BLOCK_CAPTURE_AUTORELEASING = YES;
				CLANG_WARN_BOOL_CONVERSION = YES;
				CLANG_WARN_COMMA = YES;
				CLANG_WARN_CONSTANT_CONVERSION = YES;
				CLANG_WARN_DEPRECATED_OBJC_IMPLEMENTATIONS = YES;
				CLANG_WARN_DIRECT_OBJC_ISA_USAGE = YES_ERROR;
				CLANG_WARN_DOCUMENTATION_COMMENTS = YES;
				CLANG_WARN_EMPTY_BODY = YES;
				CLANG_WARN_ENUM_CONVERSION = YES;
				CLANG_WARN_INFINITE_RECURSION = YES;
				CLANG_WARN_INT_CONVERSION = YES;
				CLANG_WARN_NON_LITERAL_NULL_CONVERSION = YES;
				CLANG_WARN_OBJC_IMPLICIT_RETAIN_SELF = YES;
				CLANG_WARN_OBJC_LITERAL_CONVERSION = YES;
				CLANG_WARN_OBJC_ROOT_CLASS = YES_ERROR;
				CLANG_WARN_QUOTED_INCLUDE_IN_FRAMEWORK_HEADER = YES;
				CLANG_WARN_RANGE_LOOP_ANALYSIS = YES;
				CLANG_WARN_STRICT_PROTOTYPES = YES;
				CLANG_WARN_SUSPICIOUS_MOVE = YES;
				CLANG_WARN_UNGUARDED_AVAILABILITY = YES_AGGRESSIVE;
				CLANG_WARN_UNREACHABLE_CODE = YES;
				CLANG_WARN__DUPLICATE_METHOD_MATCH = YES;
				COPY_PHASE_STRIP = NO;
				DEBUG_INFORMATION_FORMAT = "dwarf-with-dsym";
				ENABLE_NS_ASSERTIONS = NO;
				ENABLE_STRICT_OBJC_MSGSEND = YES;
				GCC_C_LANGUAGE_STANDARD = gnu11;
				GCC_NO_COMMON_BLOCKS = YES;
				GCC_WARN_64_TO_32_BIT_CONVERSION = YES;
				GCC_WARN_ABOUT_RETURN_TYPE = YES_ERROR;
				GCC_WARN_UNDECLARED_SELECTOR = YES;
				GCC_WARN_UNINITIALIZED_AUTOS = YES_AGGRESSIVE;
				GCC_WARN_UNUSED_FUNCTION = YES;
				GCC_WARN_UNUSED_VARIABLE = YES;
				IPHONEOS_DEPLOYMENT_TARGET = 16.0;
				MTL_ENABLE_DEBUG_INFO = NO;
				MTL_FAST_MATH = YES;
				SDKROOT = iphoneos;
				SWIFT_COMPILATION_MODE = wholemodule;
				SWIFT_OPTIMIZATION_LEVEL = "-O";
				VALIDATE_PRODUCT = YES;
			};
			name = Release;
		};
		D1DC57472C90369300613371 /* Debug */ = {
			isa = XCBuildConfiguration;
			buildSettings = {
				ASSETCATALOG_COMPILER_APPICON_NAME = AppIcon;
				ASSETCATALOG_COMPILER_GLOBAL_ACCENT_COLOR_NAME = AccentColor;
				CODE_SIGN_STYLE = Automatic;
				CURRENT_PROJECT_VERSION = 1;
				DEVELOPMENT_ASSET_PATHS = "\"Cocktail/Preview Content\"";
				ENABLE_PREVIEWS = YES;
				GENERATE_INFOPLIST_FILE = YES;
				INFOPLIST_KEY_UIApplicationSceneManifest_Generation = YES;
				INFOPLIST_KEY_UIApplicationSupportsIndirectInputEvents = YES;
				INFOPLIST_KEY_UILaunchScreen_Generation = YES;
				INFOPLIST_KEY_UISupportedInterfaceOrientations_iPad = "UIInterfaceOrientationPortrait UIInterfaceOrientationPortraitUpsideDown UIInterfaceOrientationLandscapeLeft UIInterfaceOrientationLandscapeRight";
				INFOPLIST_KEY_UISupportedInterfaceOrientations_iPhone = "UIInterfaceOrientationPortrait UIInterfaceOrientationLandscapeLeft UIInterfaceOrientationLandscapeRight";
				IPHONEOS_DEPLOYMENT_TARGET = 14.0;
				LD_RUNPATH_SEARCH_PATHS = (
					"$(inherited)",
					"@executable_path/Frameworks",
				);
				MARKETING_VERSION = 1.0;
				PRODUCT_BUNDLE_IDENTIFIER = com.sample.com.Cocktail;
				PRODUCT_NAME = "$(TARGET_NAME)";
				SWIFT_EMIT_LOC_STRINGS = YES;
				SWIFT_VERSION = 5.0;
				TARGETED_DEVICE_FAMILY = "1,2";
			};
			name = Debug;
		};
		D1DC57482C90369300613371 /* Release */ = {
			isa = XCBuildConfiguration;
			buildSettings = {
				ASSETCATALOG_COMPILER_APPICON_NAME = AppIcon;
				ASSETCATALOG_COMPILER_GLOBAL_ACCENT_COLOR_NAME = AccentColor;
				CODE_SIGN_STYLE = Automatic;
				CURRENT_PROJECT_VERSION = 1;
				DEVELOPMENT_ASSET_PATHS = "\"Cocktail/Preview Content\"";
				ENABLE_PREVIEWS = YES;
				GENERATE_INFOPLIST_FILE = YES;
				INFOPLIST_KEY_UIApplicationSceneManifest_Generation = YES;
				INFOPLIST_KEY_UIApplicationSupportsIndirectInputEvents = YES;
				INFOPLIST_KEY_UILaunchScreen_Generation = YES;
				INFOPLIST_KEY_UISupportedInterfaceOrientations_iPad = "UIInterfaceOrientationPortrait UIInterfaceOrientationPortraitUpsideDown UIInterfaceOrientationLandscapeLeft UIInterfaceOrientationLandscapeRight";
				INFOPLIST_KEY_UISupportedInterfaceOrientations_iPhone = "UIInterfaceOrientationPortrait UIInterfaceOrientationLandscapeLeft UIInterfaceOrientationLandscapeRight";
				IPHONEOS_DEPLOYMENT_TARGET = 14.0;
				LD_RUNPATH_SEARCH_PATHS = (
					"$(inherited)",
					"@executable_path/Frameworks",
				);
				MARKETING_VERSION = 1.0;
				PRODUCT_BUNDLE_IDENTIFIER = com.sample.com.Cocktail;
				PRODUCT_NAME = "$(TARGET_NAME)";
				SWIFT_EMIT_LOC_STRINGS = YES;
				SWIFT_VERSION = 5.0;
				TARGETED_DEVICE_FAMILY = "1,2";
			};
			name = Release;
		};
		D1DC574A2C90369300613371 /* Debug */ = {
			isa = XCBuildConfiguration;
			buildSettings = {
				ALWAYS_EMBED_SWIFT_STANDARD_LIBRARIES = YES;
				BUNDLE_LOADER = "$(TEST_HOST)";
				CODE_SIGN_STYLE = Automatic;
				CURRENT_PROJECT_VERSION = 1;
				GENERATE_INFOPLIST_FILE = YES;
				IPHONEOS_DEPLOYMENT_TARGET = 16.0;
				MARKETING_VERSION = 1.0;
				PRODUCT_BUNDLE_IDENTIFIER = com.sample.com.CocktailTests;
				PRODUCT_NAME = "$(TARGET_NAME)";
				SWIFT_EMIT_LOC_STRINGS = NO;
				SWIFT_VERSION = 5.0;
				TARGETED_DEVICE_FAMILY = "1,2";
				TEST_HOST = "$(BUILT_PRODUCTS_DIR)/Cocktail.app/$(BUNDLE_EXECUTABLE_FOLDER_PATH)/Cocktail";
			};
			name = Debug;
		};
		D1DC574B2C90369300613371 /* Release */ = {
			isa = XCBuildConfiguration;
			buildSettings = {
				ALWAYS_EMBED_SWIFT_STANDARD_LIBRARIES = YES;
				BUNDLE_LOADER = "$(TEST_HOST)";
				CODE_SIGN_STYLE = Automatic;
				CURRENT_PROJECT_VERSION = 1;
				GENERATE_INFOPLIST_FILE = YES;
				IPHONEOS_DEPLOYMENT_TARGET = 16.0;
				MARKETING_VERSION = 1.0;
				PRODUCT_BUNDLE_IDENTIFIER = com.sample.com.CocktailTests;
				PRODUCT_NAME = "$(TARGET_NAME)";
				SWIFT_EMIT_LOC_STRINGS = NO;
				SWIFT_VERSION = 5.0;
				TARGETED_DEVICE_FAMILY = "1,2";
				TEST_HOST = "$(BUILT_PRODUCTS_DIR)/Cocktail.app/$(BUNDLE_EXECUTABLE_FOLDER_PATH)/Cocktail";
			};
			name = Release;
		};
		D1DC574D2C90369300613371 /* Debug */ = {
			isa = XCBuildConfiguration;
			buildSettings = {
				ALWAYS_EMBED_SWIFT_STANDARD_LIBRARIES = YES;
				CODE_SIGN_STYLE = Automatic;
				CURRENT_PROJECT_VERSION = 1;
				GENERATE_INFOPLIST_FILE = YES;
				MARKETING_VERSION = 1.0;
				PRODUCT_BUNDLE_IDENTIFIER = com.sample.com.CocktailUITests;
				PRODUCT_NAME = "$(TARGET_NAME)";
				SWIFT_EMIT_LOC_STRINGS = NO;
				SWIFT_VERSION = 5.0;
				TARGETED_DEVICE_FAMILY = "1,2";
				TEST_TARGET_NAME = Cocktail;
			};
			name = Debug;
		};
		D1DC574E2C90369300613371 /* Release */ = {
			isa = XCBuildConfiguration;
			buildSettings = {
				ALWAYS_EMBED_SWIFT_STANDARD_LIBRARIES = YES;
				CODE_SIGN_STYLE = Automatic;
				CURRENT_PROJECT_VERSION = 1;
				GENERATE_INFOPLIST_FILE = YES;
				MARKETING_VERSION = 1.0;
				PRODUCT_BUNDLE_IDENTIFIER = com.sample.com.CocktailUITests;
				PRODUCT_NAME = "$(TARGET_NAME)";
				SWIFT_EMIT_LOC_STRINGS = NO;
				SWIFT_VERSION = 5.0;
				TARGETED_DEVICE_FAMILY = "1,2";
				TEST_TARGET_NAME = Cocktail;
			};
			name = Release;
		};
/* End XCBuildConfiguration section */

/* Begin XCConfigurationList section */
		D1DC571D2C90368F00613371 /* Build configuration list for PBXProject "Cocktail" */ = {
			isa = XCConfigurationList;
			buildConfigurations = (
				D1DC57442C90369300613371 /* Debug */,
				D1DC57452C90369300613371 /* Release */,
			);
			defaultConfigurationIsVisible = 0;
			defaultConfigurationName = Release;
		};
		D1DC57462C90369300613371 /* Build configuration list for PBXNativeTarget "Cocktail" */ = {
			isa = XCConfigurationList;
			buildConfigurations = (
				D1DC57472C90369300613371 /* Debug */,
				D1DC57482C90369300613371 /* Release */,
			);
			defaultConfigurationIsVisible = 0;
			defaultConfigurationName = Release;
		};
		D1DC57492C90369300613371 /* Build configuration list for PBXNativeTarget "CocktailTests" */ = {
			isa = XCConfigurationList;
			buildConfigurations = (
				D1DC574A2C90369300613371 /* Debug */,
				D1DC574B2C90369300613371 /* Release */,
			);
			defaultConfigurationIsVisible = 0;
			defaultConfigurationName = Release;
		};
		D1DC574C2C90369300613371 /* Build configuration list for PBXNativeTarget "CocktailUITests" */ = {
			isa = XCConfigurationList;
			buildConfigurations = (
				D1DC574D2C90369300613371 /* Debug */,
				D1DC574E2C90369300613371 /* Release */,
			);
			defaultConfigurationIsVisible = 0;
			defaultConfigurationName = Release;
		};
/* End XCConfigurationList section */
	};
	rootObject = D1DC571A2C90368F00613371 /* Project object */;
}
